
Microsoft Visual Studio Solution File, Format Version 12.00
# Visual Studio 14
VisualStudioVersion = 14.0.24720.0
MinimumVisualStudioVersion = 10.0.40219.1
Project("{FAE04EC0-301F-11D3-BF4B-00C04F79EFBC}") = "WebApi.Common", "WebApi.Common\WebApi.Common.csproj", "{79B5968F-06C3-49E7-A413-535D696D9745}"
EndProject
Project("{FAE04EC0-301F-11D3-BF4B-00C04F79EFBC}") = "WebApi.Core", "WebApi.Core\WebApi.Core.csproj", "{F66FA604-C179-4299-8B16-475FE45D54E0}"
EndProject
Project("{FAE04EC0-301F-11D3-BF4B-00C04F79EFBC}") = "WebApi", "WebApi\WebApi.csproj", "{DA70382E-6C7C-487C-9658-95330534FD12}"
EndProject
Global
	GlobalSection(SolutionConfigurationPlatforms) = preSolution
		Debug|Any CPU = Debug|Any CPU
		Release|Any CPU = Release|Any CPU
	EndGlobalSection
	GlobalSection(ProjectConfigurationPlatforms) = postSolution
		{79B5968F-06C3-49E7-A413-535D696D9745}.Debug|Any CPU.ActiveCfg = Debug|Any CPU
		{79B5968F-06C3-49E7-A413-535D696D9745}.Debug|Any CPU.Build.0 = Debug|Any CPU
		{79B5968F-06C3-49E7-A413-535D696D9745}.Release|Any CPU.ActiveCfg = Release|Any CPU
		{79B5968F-06C3-49E7-A413-535D696D9745}.Release|Any CPU.Build.0 = Release|Any CPU
		{F66FA604-C179-4299-8B16-475FE45D54E0}.Debug|Any CPU.ActiveCfg = Debug|Any CPU
		{F66FA604-C179-4299-8B16-475FE45D54E0}.Debug|Any CPU.Build.0 = Debug|Any CPU
		{F66FA604-C179-4299-8B16-475FE45D54E0}.Release|Any CPU.ActiveCfg = Release|Any CPU
		{F66FA604-C179-4299-8B16-475FE45D54E0}.Release|Any CPU.Build.0 = Release|Any CPU
		{DA70382E-6C7C-487C-9658-95330534FD12}.Debug|Any CPU.ActiveCfg = Debug|Any CPU
		{DA70382E-6C7C-487C-9658-95330534FD12}.Debug|Any CPU.Build.0 = Debug|Any CPU
		{DA70382E-6C7C-487C-9658-95330534FD12}.Release|Any CPU.ActiveCfg = Release|Any CPU
		{DA70382E-6C7C-487C-9658-95330534FD12}.Release|Any CPU.Build.0 = Release|Any CPU
	EndGlobalSection
	GlobalSection(SolutionProperties) = preSolution
		HideSolutionNode = FALSE
	EndGlobalSection
EndGlobal
